
Microsoft Visual Studio Solution File, Format Version 12.00
Project("{FAE04EC0-301F-11D3-BF4B-00C04F79EFBC}") = "Cybersecurity.API", "Cybersecurity.API\Cybersecurity.API.csproj", "{BD9E16C1-7120-4116-AF27-7EE07CFB9BF5}"
EndProject
Project("{FAE04EC0-301F-11D3-BF4B-00C04F79EFBC}") = "Cybersecurity.Database", "Cybersecurity.Database\Cybersecurity.Database.csproj", "{F6D8E9AA-A873-47EB-845F-178F85C2DCC5}"
EndProject
Project("{FAE04EC0-301F-11D3-BF4B-00C04F79EFBC}") = "Cybersecurity.Services", "Cybersecurity.Services\Cybersecurity.Services.csproj", "{81B35BCA-1B71-47C4-8672-CDC9BA2FD5C4}"
EndProject
Global
	GlobalSection(SolutionConfigurationPlatforms) = preSolution
		Debug|Any CPU = Debug|Any CPU
		Release|Any CPU = Release|Any CPU
	EndGlobalSection
	GlobalSection(ProjectConfigurationPlatforms) = postSolution
		{BD9E16C1-7120-4116-AF27-7EE07CFB9BF5}.Debug|Any CPU.ActiveCfg = Debug|Any CPU
		{BD9E16C1-7120-4116-AF27-7EE07CFB9BF5}.Debug|Any CPU.Build.0 = Debug|Any CPU
		{BD9E16C1-7120-4116-AF27-7EE07CFB9BF5}.Release|Any CPU.ActiveCfg = Release|Any CPU
		{BD9E16C1-7120-4116-AF27-7EE07CFB9BF5}.Release|Any CPU.Build.0 = Release|Any CPU
		{F6D8E9AA-A873-47EB-845F-178F85C2DCC5}.Debug|Any CPU.ActiveCfg = Debug|Any CPU
		{F6D8E9AA-A873-47EB-845F-178F85C2DCC5}.Debug|Any CPU.Build.0 = Debug|Any CPU
		{F6D8E9AA-A873-47EB-845F-178F85C2DCC5}.Release|Any CPU.ActiveCfg = Release|Any CPU
		{F6D8E9AA-A873-47EB-845F-178F85C2DCC5}.Release|Any CPU.Build.0 = Release|Any CPU
		{81B35BCA-1B71-47C4-8672-CDC9BA2FD5C4}.Debug|Any CPU.ActiveCfg = Debug|Any CPU
		{81B35BCA-1B71-47C4-8672-CDC9BA2FD5C4}.Debug|Any CPU.Build.0 = Debug|Any CPU
		{81B35BCA-1B71-47C4-8672-CDC9BA2FD5C4}.Release|Any CPU.ActiveCfg = Release|Any CPU
		{81B35BCA-1B71-47C4-8672-CDC9BA2FD5C4}.Release|Any CPU.Build.0 = Release|Any CPU
	EndGlobalSection
EndGlobal
